
Microsoft Visual Studio Solution File, Format Version 12.00
# Visual Studio Version 17
VisualStudioVersion = 17.8.34525.116
MinimumVisualStudioVersion = 10.0.40219.1
Project("{9A19103F-16F7-4668-BE54-9A1E7A4F7556}") = "CardReader", "ConsoleApp1\CardReader.csproj", "{A5763CDC-2B19-416D-8A64-079C0391A667}"
EndProject
Global
	GlobalSection(SolutionConfigurationPlatforms) = preSolution
		Debug|Any CPU = Debug|Any CPU
		Release|Any CPU = Release|Any CPU
	EndGlobalSection
	GlobalSection(ProjectConfigurationPlatforms) = postSolution
		{A5763CDC-2B19-416D-8A64-079C0391A667}.Debug|Any CPU.ActiveCfg = Debug|Any CPU
		{A5763CDC-2B19-416D-8A64-079C0391A667}.Debug|Any CPU.Build.0 = Debug|Any CPU
		{A5763CDC-2B19-416D-8A64-079C0391A667}.Release|Any CPU.ActiveCfg = Release|Any CPU
		{A5763CDC-2B19-416D-8A64-079C0391A667}.Release|Any CPU.Build.0 = Release|Any CPU
	EndGlobalSection
	GlobalSection(SolutionProperties) = preSolution
		HideSolutionNode = FALSE
	EndGlobalSection
	GlobalSection(ExtensibilityGlobals) = postSolution
		SolutionGuid = {07234A7C-8FAE-4B31-9EC1-8DE56E8BF0F8}
	EndGlobalSection
EndGlobal
